{
  "name": "proj_robot",
  "version": "0.0.0",
  "lockfileVersion": 3,
  "requires": true,
  "packages": {
    "": {
      "name": "proj_robot",
      "version": "0.0.0",
      "dependencies": {
        "echarts": "^5.4.3",
        "three": "^0.160.0",
        "urdf-loader": "^0.12.1",
        "vue": "^3.4.5",
        "vue-router": "^4.2.5",
        "xterm": "^5.3.0"
      },
      "devDependencies": {
        "@types/three": "^0.160.0",
        "@vitejs/plugin-vue": "^5.0.2",
        "naive-ui": "^2.37.0",
        "typescript": "^5.3.3",
        "vfonts": "^0.0.3",
        "vite": "^5.0.11",
        "vue-tsc": "^1.8.27"
      }
    },
    "node_modules/@babel/parser": {
      "version": "7.23.6",
      "resolved": "https://registry.npmmirror.com/@babel/parser/-/parser-7.23.6.tgz",
      "integrity": "sha512-Z2uID7YJ7oNvAI20O9X0bblw7Qqs8Q2hFy0R9tAfnfLkp5MW0UH9eUvnDSnFwKZ0AvgS1ucqR4KzvVHgnke1VQ==",
      "bin": {
        "parser": "bin/babel-parser.js"
      },
      "engines": {
        "node": ">=6.0.0"
      }
    },
    "node_modules/@babel/runtime": {
      "version": "7.23.4",
      "resolved": "https://registry.npmmirror.com/@babel/runtime/-/runtime-7.23.4.tgz",
      "integrity": "sha512-2Yv65nlWnWlSpe3fXEyX5i7fx5kIKo4Qbcj+hMO0odwaneFjfXw5fdum+4yL20O0QiaHpia0cYQ9xpNMqrBwHg==",
      "dev": true,
      "dependencies": {
        "regenerator-runtime": "^0.14.0"
      },
      "engines": {
        "node": ">=6.9.0"
      }
    },
    "node_modules/@css-render/plugin-bem": {
      "version": "0.15.12",
      "resolved": "https://registry.npmmirror.com/@css-render/plugin-bem/-/plugin-bem-0.15.12.tgz",
      "integrity": "sha512-Lq2jSOZn+wYQtsyaFj6QRz2EzAnd3iW5fZeHO1WSXQdVYwvwGX0ZiH3X2JQgtgYLT1yeGtrwrqJdNdMEUD2xTw==",
      "dev": true,
      "peerDependencies": {
        "css-render": "~0.15.12"
      }
    },
    "node_modules/@css-render/vue3-ssr": {
      "version": "0.15.12",
      "resolved": "https://registry.npmmirror.com/@css-render/vue3-ssr/-/vue3-ssr-0.15.12.tgz",
      "integrity": "sha512-AQLGhhaE0F+rwybRCkKUdzBdTEM/5PZBYy+fSYe1T9z9+yxMuV/k7ZRqa4M69X+EI1W8pa4kc9Iq2VjQkZx4rg==",
      "dev": true,
      "peerDependencies": {
        "vue": "^3.0.11"
      }
    },
    "node_modules/@emotion/hash": {
      "version": "0.8.0",
      "resolved": "https://registry.npmmirror.com/@emotion/hash/-/hash-0.8.0.tgz",
      "integrity": "sha512-kBJtf7PH6aWwZ6fka3zQ0p6SBYzx4fl1LoZXE2RrnYST9Xljm7WfKJrU4g/Xr3Beg72MLrp1AWNUmuYJTL7Cow==",
      "dev": true
    },
    "node_modules/@esbuild/android-arm": {
      "version": "0.19.7",
      "resolved": "https://registry.npmmirror.com/@esbuild/android-arm/-/android-arm-0.19.7.tgz",
      "integrity": "sha512-YGSPnndkcLo4PmVl2tKatEn+0mlVMr3yEpOOT0BeMria87PhvoJb5dg5f5Ft9fbCVgtAz4pWMzZVgSEGpDAlww==",
      "cpu": [
        "arm"
      ],
      "dev": true,
      "optional": true,
      "os": [
        "android"
      ],
      "engines": {
        "node": ">=12"
      }
    },
    "node_modules/@esbuild/android-arm64": {
      "version": "0.19.7",
      "resolved": "https://registry.npmmirror.com/@esbuild/android-arm64/-/android-arm64-0.19.7.tgz",
      "integrity": "sha512-YEDcw5IT7hW3sFKZBkCAQaOCJQLONVcD4bOyTXMZz5fr66pTHnAet46XAtbXAkJRfIn2YVhdC6R9g4xa27jQ1w==",
      "cpu": [
        "arm64"
      ],
      "dev": true,
      "optional": true,
      "os": [
        "android"
      ],
      "engines": {
        "node": ">=12"
      }
    },
    "node_modules/@esbuild/android-x64": {
      "version": "0.19.7",
      "resolved": "https://registry.npmmirror.com/@esbuild/android-x64/-/android-x64-0.19.7.tgz",
      "integrity": "sha512-jhINx8DEjz68cChFvM72YzrqfwJuFbfvSxZAk4bebpngGfNNRm+zRl4rtT9oAX6N9b6gBcFaJHFew5Blf6CvUw==",
      "cpu": [
        "x64"
      ],
      "dev": true,
      "optional": true,
      "os": [
        "android"
      ],
      "engines": {
        "node": ">=12"
      }
    },
    "node_modules/@esbuild/darwin-arm64": {
      "version": "0.19.7",
      "resolved": "https://registry.npmmirror.com/@esbuild/darwin-arm64/-/darwin-arm64-0.19.7.tgz",
      "integrity": "sha512-dr81gbmWN//3ZnBIm6YNCl4p3pjnabg1/ZVOgz2fJoUO1a3mq9WQ/1iuEluMs7mCL+Zwv7AY5e3g1hjXqQZ9Iw==",
      "cpu": [
        "arm64"
      ],
      "dev": true,
      "optional": true,
      "os": [
        "darwin"
      ],
      "engines": {
        "node": ">=12"
      }
    },
    "node_modules/@esbuild/darwin-x64": {
      "version": "0.19.7",
      "resolved": "https://registry.npmmirror.com/@esbuild/darwin-x64/-/darwin-x64-0.19.7.tgz",
      "integrity": "sha512-Lc0q5HouGlzQEwLkgEKnWcSazqr9l9OdV2HhVasWJzLKeOt0PLhHaUHuzb8s/UIya38DJDoUm74GToZ6Wc7NGQ==",
      "cpu": [
        "x64"
      ],
      "dev": true,
      "optional": true,
      "os": [
        "darwin"
      ],
      "engines": {
        "node": ">=12"
      }
    },
    "node_modules/@esbuild/freebsd-arm64": {
      "version": "0.19.7",
      "resolved": "https://registry.npmmirror.com/@esbuild/freebsd-arm64/-/freebsd-arm64-0.19.7.tgz",
      "integrity": "sha512-+y2YsUr0CxDFF7GWiegWjGtTUF6gac2zFasfFkRJPkMAuMy9O7+2EH550VlqVdpEEchWMynkdhC9ZjtnMiHImQ==",
      "cpu": [
        "arm64"
      ],
      "dev": true,
      "optional": true,
      "os": [
        "freebsd"
      ],
      "engines": {
        "node": ">=12"
      }
    },
    "node_modules/@esbuild/freebsd-x64": {
      "version": "0.19.7",
      "resolved": "https://registry.npmmirror.com/@esbuild/freebsd-x64/-/freebsd-x64-0.19.7.tgz",
      "integrity": "sha512-CdXOxIbIzPJmJhrpmJTLx+o35NoiKBIgOvmvT+jeSadYiWJn0vFKsl+0bSG/5lwjNHoIDEyMYc/GAPR9jxusTA==",
      "cpu": [
        "x64"
      ],
      "dev": true,
      "optional": true,
      "os": [
        "freebsd"
      ],
      "engines": {
        "node": ">=12"
      }
    },
    "node_modules/@esbuild/linux-arm": {
      "version": "0.19.7",
      "resolved": "https://registry.npmmirror.com/@esbuild/linux-arm/-/linux-arm-0.19.7.tgz",
      "integrity": "sha512-Y+SCmWxsJOdQtjcBxoacn/pGW9HDZpwsoof0ttL+2vGcHokFlfqV666JpfLCSP2xLxFpF1lj7T3Ox3sr95YXww==",
      "cpu": [
        "arm"
      ],
      "dev": true,
      "optional": true,
      "os": [
        "linux"
      ],
      "engines": {
        "node": ">=12"
      }
    },
    "node_modules/@esbuild/linux-arm64": {
      "version": "0.19.7",
      "resolved": "https://registry.npmmirror.com/@esbuild/linux-arm64/-/linux-arm64-0.19.7.tgz",
      "integrity": "sha512-inHqdOVCkUhHNvuQPT1oCB7cWz9qQ/Cz46xmVe0b7UXcuIJU3166aqSunsqkgSGMtUCWOZw3+KMwI6otINuC9g==",
      "cpu": [
        "arm64"
      ],
      "dev": true,
      "optional": true,
      "os": [
        "linux"
      ],
      "engines": {
        "node": ">=12"
      }
    },
    "node_modules/@esbuild/linux-ia32": {
      "version": "0.19.7",
      "resolved": "https://registry.npmmirror.com/@esbuild/linux-ia32/-/linux-ia32-0.19.7.tgz",
      "integrity": "sha512-2BbiL7nLS5ZO96bxTQkdO0euGZIUQEUXMTrqLxKUmk/Y5pmrWU84f+CMJpM8+EHaBPfFSPnomEaQiG/+Gmh61g==",
      "cpu": [
        "ia32"
      ],
      "dev": true,
      "optional": true,
      "os": [
        "linux"
      ],
      "engines": {
        "node": ">=12"
      }
    },
    "node_modules/@esbuild/linux-loong64": {
      "version": "0.19.7",
      "resolved": "https://registry.npmmirror.com/@esbuild/linux-loong64/-/linux-loong64-0.19.7.tgz",
      "integrity": "sha512-BVFQla72KXv3yyTFCQXF7MORvpTo4uTA8FVFgmwVrqbB/4DsBFWilUm1i2Oq6zN36DOZKSVUTb16jbjedhfSHw==",
      "cpu": [
        "loong64"
      ],
      "dev": true,
      "optional": true,
      "os": [
        "linux"
      ],
      "engines": {
        "node": ">=12"
      }
    },
    "node_modules/@esbuild/linux-mips64el": {
      "version": "0.19.7",
      "resolved": "https://registry.npmmirror.com/@esbuild/linux-mips64el/-/linux-mips64el-0.19.7.tgz",
      "integrity": "sha512-DzAYckIaK+pS31Q/rGpvUKu7M+5/t+jI+cdleDgUwbU7KdG2eC3SUbZHlo6Q4P1CfVKZ1lUERRFP8+q0ob9i2w==",
      "cpu": [
        "mips64el"
      ],
      "dev": true,
      "optional": true,
      "os": [
        "linux"
      ],
      "engines": {
        "node": ">=12"
      }
    },
    "node_modules/@esbuild/linux-ppc64": {
      "version": "0.19.7",
      "resolved": "https://registry.npmmirror.com/@esbuild/linux-ppc64/-/linux-ppc64-0.19.7.tgz",
      "integrity": "sha512-JQ1p0SmUteNdUaaiRtyS59GkkfTW0Edo+e0O2sihnY4FoZLz5glpWUQEKMSzMhA430ctkylkS7+vn8ziuhUugQ==",
      "cpu": [
        "ppc64"
      ],
      "dev": true,
      "optional": true,
      "os": [
        "linux"
      ],
      "engines": {
        "node": ">=12"
      }
    },
    "node_modules/@esbuild/linux-riscv64": {
      "version": "0.19.7",
      "resolved": "https://registry.npmmirror.com/@esbuild/linux-riscv64/-/linux-riscv64-0.19.7.tgz",
      "integrity": "sha512-xGwVJ7eGhkprY/nB7L7MXysHduqjpzUl40+XoYDGC4UPLbnG+gsyS1wQPJ9lFPcxYAaDXbdRXd1ACs9AE9lxuw==",
      "cpu": [
        "riscv64"
      ],
      "dev": true,
      "optional": true,
      "os": [
        "linux"
      ],
      "engines": {
        "node": ">=12"
      }
    },
    "node_modules/@esbuild/linux-s390x": {
      "version": "0.19.7",
      "resolved": "https://registry.npmmirror.com/@esbuild/linux-s390x/-/linux-s390x-0.19.7.tgz",
      "integrity": "sha512-U8Rhki5PVU0L0nvk+E8FjkV8r4Lh4hVEb9duR6Zl21eIEYEwXz8RScj4LZWA2i3V70V4UHVgiqMpszXvG0Yqhg==",
      "cpu": [
        "s390x"
      ],
      "dev": true,
      "optional": true,
      "os": [
        "linux"
      ],
      "engines": {
        "node": ">=12"
      }
    },
    "node_modules/@esbuild/linux-x64": {
      "version": "0.19.7",
      "resolved": "https://registry.npmmirror.com/@esbuild/linux-x64/-/linux-x64-0.19.7.tgz",
      "integrity": "sha512-ZYZopyLhm4mcoZXjFt25itRlocKlcazDVkB4AhioiL9hOWhDldU9n38g62fhOI4Pth6vp+Mrd5rFKxD0/S+7aQ==",
      "cpu": [
        "x64"
      ],
      "dev": true,
      "optional": true,
      "os": [
        "linux"
      ],
      "engines": {
        "node": ">=12"
      }
    },
    "node_modules/@esbuild/netbsd-x64": {
      "version": "0.19.7",
      "resolved": "https://registry.npmmirror.com/@esbuild/netbsd-x64/-/netbsd-x64-0.19.7.tgz",
      "integrity": "sha512-/yfjlsYmT1O3cum3J6cmGG16Fd5tqKMcg5D+sBYLaOQExheAJhqr8xOAEIuLo8JYkevmjM5zFD9rVs3VBcsjtQ==",
      "cpu": [
        "x64"
      ],
      "dev": true,
      "optional": true,
      "os": [
        "netbsd"
      ],
      "engines": {
        "node": ">=12"
      }
    },
    "node_modules/@esbuild/openbsd-x64": {
      "version": "0.19.7",
      "resolved": "https://registry.npmmirror.com/@esbuild/openbsd-x64/-/openbsd-x64-0.19.7.tgz",
      "integrity": "sha512-MYDFyV0EW1cTP46IgUJ38OnEY5TaXxjoDmwiTXPjezahQgZd+j3T55Ht8/Q9YXBM0+T9HJygrSRGV5QNF/YVDQ==",
      "cpu": [
        "x64"
      ],
      "dev": true,
      "optional": true,
      "os": [
        "openbsd"
      ],
      "engines": {
        "node": ">=12"
      }
    },
    "node_modules/@esbuild/sunos-x64": {
      "version": "0.19.7",
      "resolved": "https://registry.npmmirror.com/@esbuild/sunos-x64/-/sunos-x64-0.19.7.tgz",
      "integrity": "sha512-JcPvgzf2NN/y6X3UUSqP6jSS06V0DZAV/8q0PjsZyGSXsIGcG110XsdmuWiHM+pno7/mJF6fjH5/vhUz/vA9fw==",
      "cpu": [
        "x64"
      ],
      "dev": true,
      "optional": true,
      "os": [
        "sunos"
      ],
      "engines": {
        "node": ">=12"
      }
    },
    "node_modules/@esbuild/win32-arm64": {
      "version": "0.19.7",
      "resolved": "https://registry.npmmirror.com/@esbuild/win32-arm64/-/win32-arm64-0.19.7.tgz",
      "integrity": "sha512-ZA0KSYti5w5toax5FpmfcAgu3ZNJxYSRm0AW/Dao5up0YV1hDVof1NvwLomjEN+3/GMtaWDI+CIyJOMTRSTdMw==",
      "cpu": [
        "arm64"
      ],
      "dev": true,
      "optional": true,
      "os": [
        "win32"
      ],
      "engines": {
        "node": ">=12"
      }
    },
    "node_modules/@esbuild/win32-ia32": {
      "version": "0.19.7",
      "resolved": "https://registry.npmmirror.com/@esbuild/win32-ia32/-/win32-ia32-0.19.7.tgz",
      "integrity": "sha512-CTOnijBKc5Jpk6/W9hQMMvJnsSYRYgveN6O75DTACCY18RA2nqka8dTZR+x/JqXCRiKk84+5+bRKXUSbbwsS0A==",
      "cpu": [
        "ia32"
      ],
      "dev": true,
      "optional": true,
      "os": [
        "win32"
      ],
      "engines": {
        "node": ">=12"
      }
    },
    "node_modules/@esbuild/win32-x64": {
      "version": "0.19.7",
      "resolved": "https://registry.npmmirror.com/@esbuild/win32-x64/-/win32-x64-0.19.7.tgz",
      "integrity": "sha512-gRaP2sk6hc98N734luX4VpF318l3w+ofrtTu9j5L8EQXF+FzQKV6alCOHMVoJJHvVK/mGbwBXfOL1HETQu9IGQ==",
      "cpu": [
        "x64"
      ],
      "dev": true,
      "optional": true,
      "os": [
        "win32"
      ],
      "engines": {
        "node": ">=12"
      }
    },
    "node_modules/@jridgewell/sourcemap-codec": {
      "version": "1.4.15",
      "resolved": "https://registry.npmmirror.com/@jridgewell/sourcemap-codec/-/sourcemap-codec-1.4.15.tgz",
      "integrity": "sha512-eF2rxCRulEKXHTRiDrDy6erMYWqNw4LPdQ8UQA4huuxaQsVeRPFl2oM8oDGxMFhJUWZf9McpLtJasDDZb/Bpeg=="
    },
    "node_modules/@juggle/resize-observer": {
      "version": "3.4.0",
      "resolved": "https://registry.npmmirror.com/@juggle/resize-observer/-/resize-observer-3.4.0.tgz",
      "integrity": "sha512-dfLbk+PwWvFzSxwk3n5ySL0hfBog779o8h68wK/7/APo/7cgyWp5jcXockbxdk5kFRkbeXWm4Fbi9FrdN381sA==",
      "dev": true
    },
    "node_modules/@rollup/rollup-android-arm-eabi": {
      "version": "4.6.0",
      "resolved": "https://registry.npmmirror.com/@rollup/rollup-android-arm-eabi/-/rollup-android-arm-eabi-4.6.0.tgz",
      "integrity": "sha512-keHkkWAe7OtdALGoutLY3utvthkGF+Y17ws9LYT8pxMBYXaCoH/8dXS2uzo6e8+sEhY7y/zi5RFo22Dy2lFpDw==",
      "cpu": [
        "arm"
      ],
      "dev": true,
      "optional": true,
      "os": [
        "android"
      ]
    },
    "node_modules/@rollup/rollup-android-arm64": {
      "version": "4.6.0",
      "resolved": "https://registry.npmmirror.com/@rollup/rollup-android-arm64/-/rollup-android-arm64-4.6.0.tgz",
      "integrity": "sha512-y3Kt+34smKQNWilicPbBz/MXEY7QwDzMFNgwEWeYiOhUt9MTWKjHqe3EVkXwT2fR7izOvHpDWZ0o2IyD9SWX7A==",
      "cpu": [
        "arm64"
      ],
      "dev": true,
      "optional": true,
      "os": [
        "android"
      ]
    },
    "node_modules/@rollup/rollup-darwin-arm64": {
      "version": "4.6.0",
      "resolved": "https://registry.npmmirror.com/@rollup/rollup-darwin-arm64/-/rollup-darwin-arm64-4.6.0.tgz",
      "integrity": "sha512-oLzzxcUIHltHxOCmaXl+pkIlU+uhSxef5HfntW7RsLh1eHm+vJzjD9Oo4oUKso4YuP4PpbFJNlZjJuOrxo8dPg==",
      "cpu": [
        "arm64"
      ],
      "dev": true,
      "optional": true,
      "os": [
        "darwin"
      ]
    },
    "node_modules/@rollup/rollup-darwin-x64": {
      "version": "4.6.0",
      "resolved": "https://registry.npmmirror.com/@rollup/rollup-darwin-x64/-/rollup-darwin-x64-4.6.0.tgz",
      "integrity": "sha512-+ANnmjkcOBaV25n0+M0Bere3roeVAnwlKW65qagtuAfIxXF9YxUneRyAn/RDcIdRa7QrjRNJL3jR7T43ObGe8Q==",
      "cpu": [
        "x64"
      ],
      "dev": true,
      "optional": true,
      "os": [
        "darwin"
      ]
    },
    "node_modules/@rollup/rollup-linux-arm-gnueabihf": {
      "version": "4.6.0",
      "resolved": "https://registry.npmmirror.com/@rollup/rollup-linux-arm-gnueabihf/-/rollup-linux-arm-gnueabihf-4.6.0.tgz",
      "integrity": "sha512-tBTSIkjSVUyrekddpkAqKOosnj1Fc0ZY0rJL2bIEWPKqlEQk0paORL9pUIlt7lcGJi3LzMIlUGXvtNi1Z6MOCQ==",
      "cpu": [
        "arm"
      ],
      "dev": true,
      "optional": true,
      "os": [
        "linux"
      ]
    },
    "node_modules/@rollup/rollup-linux-arm64-gnu": {
      "version": "4.6.0",
      "resolved": "https://registry.npmmirror.com/@rollup/rollup-linux-arm64-gnu/-/rollup-linux-arm64-gnu-4.6.0.tgz",
      "integrity": "sha512-Ed8uJI3kM11de9S0j67wAV07JUNhbAqIrDYhQBrQW42jGopgheyk/cdcshgGO4fW5Wjq97COCY/BHogdGvKVNQ==",
      "cpu": [
        "arm64"
      ],
      "dev": true,
      "optional": true,
      "os": [
        "linux"
      ]
    },
    "node_modules/@rollup/rollup-linux-arm64-musl": {
      "version": "4.6.0",
      "resolved": "https://registry.npmmirror.com/@rollup/rollup-linux-arm64-musl/-/rollup-linux-arm64-musl-4.6.0.tgz",
      "integrity": "sha512-mZoNQ/qK4D7SSY8v6kEsAAyDgznzLLuSFCA3aBHZTmf3HP/dW4tNLTtWh9+LfyO0Z1aUn+ecpT7IQ3WtIg3ViQ==",
      "cpu": [
        "arm64"
      ],
      "dev": true,
      "optional": true,
      "os": [
        "linux"
      ]
    },
    "node_modules/@rollup/rollup-linux-x64-gnu": {
      "version": "4.6.0",
      "resolved": "https://registry.npmmirror.com/@rollup/rollup-linux-x64-gnu/-/rollup-linux-x64-gnu-4.6.0.tgz",
      "integrity": "sha512-rouezFHpwCqdEXsqAfNsTgSWO0FoZ5hKv5p+TGO5KFhyN/dvYXNMqMolOb8BkyKcPqjYRBeT+Z6V3aM26rPaYg==",
      "cpu": [
        "x64"
      ],
      "dev": true,
      "optional": true,
      "os": [
        "linux"
      ]
    },
    "node_modules/@rollup/rollup-linux-x64-musl": {
      "version": "4.6.0",
      "resolved": "https://registry.npmmirror.com/@rollup/rollup-linux-x64-musl/-/rollup-linux-x64-musl-4.6.0.tgz",
      "integrity": "sha512-Bbm+fyn3S6u51urfj3YnqBXg5vI2jQPncRRELaucmhBVyZkbWClQ1fEsRmdnCPpQOQfkpg9gZArvtMVkOMsh1w==",
      "cpu": [
        "x64"
      ],
      "dev": true,
      "optional": true,
      "os": [
        "linux"
      ]
    },
    "node_modules/@rollup/rollup-win32-arm64-msvc": {
      "version": "4.6.0",
      "resolved": "https://registry.npmmirror.com/@rollup/rollup-win32-arm64-msvc/-/rollup-win32-arm64-msvc-4.6.0.tgz",
      "integrity": "sha512-+MRMcyx9L2kTrTUzYmR61+XVsliMG4odFb5UmqtiT8xOfEicfYAGEuF/D1Pww1+uZkYhBqAHpvju7VN+GnC3ng==",
      "cpu": [
        "arm64"
      ],
      "dev": true,
      "optional": true,
      "os": [
        "win32"
      ]
    },
    "node_modules/@rollup/rollup-win32-ia32-msvc": {
      "version": "4.6.0",
      "resolved": "https://registry.npmmirror.com/@rollup/rollup-win32-ia32-msvc/-/rollup-win32-ia32-msvc-4.6.0.tgz",
      "integrity": "sha512-rxfeE6K6s/Xl2HGeK6cO8SiQq3k/3BYpw7cfhW5Bk2euXNEpuzi2cc7llxx1si1QgwfjNtdRNTGqdBzGlFZGFw==",
      "cpu": [
        "ia32"
      ],
      "dev": true,
      "optional": true,
      "os": [
        "win32"
      ]
    },
    "node_modules/@rollup/rollup-win32-x64-msvc": {
      "version": "4.6.0",
      "resolved": "https://registry.npmmirror.com/@rollup/rollup-win32-x64-msvc/-/rollup-win32-x64-msvc-4.6.0.tgz",
      "integrity": "sha512-QqmCsydHS172Y0Kc13bkMXvipbJSvzeglBncJG3LsYJSiPlxYACz7MmJBs4A8l1oU+jfhYEIC/+AUSlvjmiX/g==",
      "cpu": [
        "x64"
      ],
      "dev": true,
      "optional": true,
      "os": [
        "win32"
      ]
    },
    "node_modules/@types/katex": {
      "version": "0.16.7",
      "resolved": "https://registry.npmmirror.com/@types/katex/-/katex-0.16.7.tgz",
      "integrity": "sha512-HMwFiRujE5PjrgwHQ25+bsLJgowjGjm5Z8FVSf0N6PwgJrwxH0QxzHYDcKsTfV3wva0vzrpqMTJS2jXPr5BMEQ==",
      "dev": true
    },
    "node_modules/@types/lodash": {
      "version": "4.14.202",
      "resolved": "https://registry.npmmirror.com/@types/lodash/-/lodash-4.14.202.tgz",
      "integrity": "sha512-OvlIYQK9tNneDlS0VN54LLd5uiPCBOp7gS5Z0f1mjoJYBrtStzgmJBxONW3U6OZqdtNzZPmn9BS/7WI7BFFcFQ==",
      "dev": true
    },
    "node_modules/@types/lodash-es": {
      "version": "4.17.12",
      "resolved": "https://registry.npmmirror.com/@types/lodash-es/-/lodash-es-4.17.12.tgz",
      "integrity": "sha512-0NgftHUcV4v34VhXm8QBSftKVXtbkBG3ViCjs6+eJ5a6y6Mi/jiFGPc1sC7QK+9BFhWrURE3EOggmWaSxL9OzQ==",
      "dev": true,
      "dependencies": {
        "@types/lodash": "*"
      }
    },
    "node_modules/@types/stats.js": {
      "version": "0.17.3",
      "resolved": "https://registry.npmmirror.com/@types/stats.js/-/stats.js-0.17.3.tgz",
      "integrity": "sha512-pXNfAD3KHOdif9EQXZ9deK82HVNaXP5ZIF5RP2QG6OQFNTaY2YIetfrE9t528vEreGQvEPRDDc8muaoYeK0SxQ==",
      "dev": true
    },
    "node_modules/@types/three": {
      "version": "0.160.0",
      "resolved": "https://registry.npmmirror.com/@types/three/-/three-0.160.0.tgz",
      "integrity": "sha512-jWlbUBovicUKaOYxzgkLlhkiEQJkhCVvg4W2IYD2trqD2om3VK4DGLpHH5zQHNr7RweZK/5re/4IVhbhvxbV9w==",
      "dev": true,
      "dependencies": {
        "@types/stats.js": "*",
        "@types/webxr": "*",
        "fflate": "~0.6.10",
        "meshoptimizer": "~0.18.1"
      }
    },
    "node_modules/@types/webxr": {
      "version": "0.5.10",
      "resolved": "https://registry.npmmirror.com/@types/webxr/-/webxr-0.5.10.tgz",
      "integrity": "sha512-n3u5sqXQJhf1CS68mw3Wf16FQ4cRPNBBwdYLFzq3UddiADOim1Pn3Y6PBdDilz1vOJF3ybLxJ8ZEDlLIzrOQZg==",
      "dev": true
    },
    "node_modules/@vitejs/plugin-vue": {
      "version": "5.0.2",
      "resolved": "https://registry.npmmirror.com/@vitejs/plugin-vue/-/plugin-vue-5.0.2.tgz",
      "integrity": "sha512-kEjJHrLb5ePBvjD0SPZwJlw1QTRcjjCA9sB5VyfonoXVBxTS7TMnqL6EkLt1Eu61RDeiuZ/WN9Hf6PxXhPI2uA==",
      "dev": true,
      "engines": {
        "node": "^18.0.0 || >=20.0.0"
      },
      "peerDependencies": {
        "vite": "^5.0.0",
        "vue": "^3.2.25"
      }
    },
    "node_modules/@volar/language-core": {
      "version": "1.11.1",
      "resolved": "https://registry.npmmirror.com/@volar/language-core/-/language-core-1.11.1.tgz",
      "integrity": "sha512-dOcNn3i9GgZAcJt43wuaEykSluAuOkQgzni1cuxLxTV0nJKanQztp7FxyswdRILaKH+P2XZMPRp2S4MV/pElCw==",
      "dev": true,
      "dependencies": {
        "@volar/source-map": "1.11.1"
      }
    },
    "node_modules/@volar/source-map": {
      "version": "1.11.1",
      "resolved": "https://registry.npmmirror.com/@volar/source-map/-/source-map-1.11.1.tgz",
      "integrity": "sha512-hJnOnwZ4+WT5iupLRnuzbULZ42L7BWWPMmruzwtLhJfpDVoZLjNBxHDi2sY2bgZXCKlpU5XcsMFoYrsQmPhfZg==",
      "dev": true,
      "dependencies": {
        "muggle-string": "^0.3.1"
      }
    },
    "node_modules/@volar/typescript": {
      "version": "1.11.1",
      "resolved": "https://registry.npmmirror.com/@volar/typescript/-/typescript-1.11.1.tgz",
      "integrity": "sha512-iU+t2mas/4lYierSnoFOeRFQUhAEMgsFuQxoxvwn5EdQopw43j+J27a4lt9LMInx1gLJBC6qL14WYGlgymaSMQ==",
      "dev": true,
      "dependencies": {
        "@volar/language-core": "1.11.1",
        "path-browserify": "^1.0.1"
      }
    },
    "node_modules/@vue/compiler-core": {
      "version": "3.4.5",
      "resolved": "https://registry.npmmirror.com/@vue/compiler-core/-/compiler-core-3.4.5.tgz",
      "integrity": "sha512-Daka7P1z2AgKjzuueWXhwzIsKu0NkLB6vGbNVEV2iJ8GJTrzraZo/Sk4GWCMRtd/qVi3zwnk+Owbd/xSZbwHtQ==",
      "dependencies": {
        "@babel/parser": "^7.23.6",
        "@vue/shared": "3.4.5",
        "entities": "^4.5.0",
        "estree-walker": "^2.0.2",
        "source-map-js": "^1.0.2"
      }
    },
    "node_modules/@vue/compiler-dom": {
      "version": "3.4.5",
      "resolved": "https://registry.npmmirror.com/@vue/compiler-dom/-/compiler-dom-3.4.5.tgz",
      "integrity": "sha512-J8YlxknJVd90SXFJ4HwGANSAXsx5I0lK30sO/zvYV7s5gXf7gZR7r/1BmZ2ju7RGH1lnc6bpBc6nL61yW+PsAQ==",
      "dependencies": {
        "@vue/compiler-core": "3.4.5",
        "@vue/shared": "3.4.5"
      }
    },
    "node_modules/@vue/compiler-sfc": {
      "version": "3.4.5",
      "resolved": "https://registry.npmmirror.com/@vue/compiler-sfc/-/compiler-sfc-3.4.5.tgz",
      "integrity": "sha512-jauvkDuSSUbP0ebhfNqljhShA90YEfX/0wZ+w40oZF43IjGyWYjqYaJbvMJwGOd+9+vODW6eSvnk28f0SGV7OQ==",
      "dependencies": {
        "@babel/parser": "^7.23.6",
        "@vue/compiler-core": "3.4.5",
        "@vue/compiler-dom": "3.4.5",
        "@vue/compiler-ssr": "3.4.5",
        "@vue/shared": "3.4.5",
        "estree-walker": "^2.0.2",
        "magic-string": "^0.30.5",
        "postcss": "^8.4.32",
        "source-map-js": "^1.0.2"
      }
    },
    "node_modules/@vue/compiler-ssr": {
      "version": "3.4.5",
      "resolved": "https://registry.npmmirror.com/@vue/compiler-ssr/-/compiler-ssr-3.4.5.tgz",
      "integrity": "sha512-DDdEcDzj2lWTMfUMMtEpLDhURai9LhM0zSZ219jCt7b2Vyl0/jy3keFgCPMitG0V1S1YG4Cmws3lWHWdxHQOpg==",
      "dependencies": {
        "@vue/compiler-dom": "3.4.5",
        "@vue/shared": "3.4.5"
      }
    },
    "node_modules/@vue/devtools-api": {
      "version": "6.5.1",
      "resolved": "https://registry.npmmirror.com/@vue/devtools-api/-/devtools-api-6.5.1.tgz",
      "integrity": "sha512-+KpckaAQyfbvshdDW5xQylLni1asvNSGme1JFs8I1+/H5pHEhqUKMEQD/qn3Nx5+/nycBq11qAEi8lk+LXI2dA=="
    },
    "node_modules/@vue/language-core": {
      "version": "1.8.27",
      "resolved": "https://registry.npmmirror.com/@vue/language-core/-/language-core-1.8.27.tgz",
      "integrity": "sha512-L8Kc27VdQserNaCUNiSFdDl9LWT24ly8Hpwf1ECy3aFb9m6bDhBGQYOujDm21N7EW3moKIOKEanQwe1q5BK+mA==",
      "dev": true,
      "dependencies": {
        "@volar/language-core": "~1.11.1",
        "@volar/source-map": "~1.11.1",
        "@vue/compiler-dom": "^3.3.0",
        "@vue/shared": "^3.3.0",
        "computeds": "^0.0.1",
        "minimatch": "^9.0.3",
        "muggle-string": "^0.3.1",
        "path-browserify": "^1.0.1",
        "vue-template-compiler": "^2.7.14"
      },
      "peerDependencies": {
        "typescript": "*"
      },
      "peerDependenciesMeta": {
        "typescript": {
          "optional": true
        }
      }
    },
    "node_modules/@vue/reactivity": {
      "version": "3.4.5",
      "resolved": "https://registry.npmmirror.com/@vue/reactivity/-/reactivity-3.4.5.tgz",
      "integrity": "sha512-BcWkKvjdvqJwb7BhhFkXPLDCecX4d4a6GATvCduJQDLv21PkPowAE5GKuIE5p6RC07/Lp9FMkkq4AYCTVF5KlQ==",
      "dependencies": {
        "@vue/shared": "3.4.5"
      }
    },
    "node_modules/@vue/runtime-core": {
      "version": "3.4.5",
      "resolved": "https://registry.npmmirror.com/@vue/runtime-core/-/runtime-core-3.4.5.tgz",
      "integrity": "sha512-wh9ELIOQKeWT9SaUPdLrsxRkZv14jp+SJm9aiQGWio+/MWNM3Lib0wE6CoKEqQ9+SCYyGjDBhTOTtO47kCgbkg==",
      "dependencies": {
        "@vue/reactivity": "3.4.5",
        "@vue/shared": "3.4.5"
      }
    },
    "node_modules/@vue/runtime-dom": {
      "version": "3.4.5",
      "resolved": "https://registry.npmmirror.com/@vue/runtime-dom/-/runtime-dom-3.4.5.tgz",
      "integrity": "sha512-n5ewvOjyG3IEpqGBahdPXODFSpVlSz3H4LF76Sx0XAqpIOqyJ5bIb2PrdYuH2ogBMAQPh+o5tnoH4nJpBr8U0Q==",
      "dependencies": {
        "@vue/runtime-core": "3.4.5",
        "@vue/shared": "3.4.5",
        "csstype": "^3.1.3"
      }
    },
    "node_modules/@vue/runtime-dom/node_modules/csstype": {
      "version": "3.1.3",
      "resolved": "https://registry.npmmirror.com/csstype/-/csstype-3.1.3.tgz",
      "integrity": "sha512-M1uQkMl8rQK/szD0LNhtqxIPLpimGm8sOBwU7lLnCpSbTyY3yeU1Vc7l4KT5zT4s/yOxHH5O7tIuuLOCnLADRw=="
    },
    "node_modules/@vue/server-renderer": {
      "version": "3.4.5",
      "resolved": "https://registry.npmmirror.com/@vue/server-renderer/-/server-renderer-3.4.5.tgz",
      "integrity": "sha512-jOFc/VE87yvifQpNju12VcqimH8pBLxdcT+t3xMeiED1K6DfH9SORyhFEoZlW5TG2Vwfn3Ul5KE+1aC99xnSBg==",
      "dependencies": {
        "@vue/compiler-ssr": "3.4.5",
        "@vue/shared": "3.4.5"
      },
      "peerDependencies": {
        "vue": "3.4.5"
      }
    },
    "node_modules/@vue/shared": {
      "version": "3.4.5",
      "resolved": "https://registry.npmmirror.com/@vue/shared/-/shared-3.4.5.tgz",
      "integrity": "sha512-6XptuzlMvN4l4cDnDw36pdGEV+9njYkQ1ZE0Q6iZLwrKefKaOJyiFmcP3/KBDHbt72cJZGtllAc1GaHe6XGAyg=="
    },
    "node_modules/async-validator": {
      "version": "4.2.5",
      "resolved": "https://registry.npmmirror.com/async-validator/-/async-validator-4.2.5.tgz",
      "integrity": "sha512-7HhHjtERjqlNbZtqNqy2rckN/SpOOlmDliet+lP7k+eKZEjPk3DgyeU9lIXLdeLz0uBbbVp+9Qdow9wJWgwwfg==",
      "dev": true
    },
    "node_modules/balanced-match": {
      "version": "1.0.2",
      "resolved": "https://registry.npmmirror.com/balanced-match/-/balanced-match-1.0.2.tgz",
      "integrity": "sha512-3oSeUO0TMV67hN1AmbXsK4yaqU7tjiHlbxRDZOpH0KW9+CeX4bRAaX0Anxt0tx2MrpRpWwQaPwIlISEJhYU5Pw==",
      "dev": true
    },
    "node_modules/brace-expansion": {
      "version": "2.0.1",
      "resolved": "https://registry.npmmirror.com/brace-expansion/-/brace-expansion-2.0.1.tgz",
      "integrity": "sha512-XnAIvQ8eM+kC6aULx6wuQiwVsnzsi9d3WxzV3FpWTGA19F621kwdbsAcFKXgKUHZWsy+mY6iL1sHTxWEFCytDA==",
      "dev": true,
      "dependencies": {
        "balanced-match": "^1.0.0"
      }
    },
    "node_modules/computeds": {
      "version": "0.0.1",
      "resolved": "https://registry.npmmirror.com/computeds/-/computeds-0.0.1.tgz",
      "integrity": "sha512-7CEBgcMjVmitjYo5q8JTJVra6X5mQ20uTThdK+0kR7UEaDrAWEQcRiBtWJzga4eRpP6afNwwLsX2SET2JhVB1Q==",
      "dev": true
    },
    "node_modules/css-render": {
      "version": "0.15.12",
      "resolved": "https://registry.npmmirror.com/css-render/-/css-render-0.15.12.tgz",
      "integrity": "sha512-eWzS66patiGkTTik+ipO9qNGZ+uNuGyTmnz6/+EJIiFg8+3yZRpnMwgFo8YdXhQRsiePzehnusrxVvugNjXzbw==",
      "dev": true,
      "dependencies": {
        "@emotion/hash": "~0.8.0",
        "csstype": "~3.0.5"
      }
    },
    "node_modules/csstype": {
      "version": "3.0.11",
      "resolved": "https://registry.npmmirror.com/csstype/-/csstype-3.0.11.tgz",
      "integrity": "sha512-sa6P2wJ+CAbgyy4KFssIb/JNMLxFvKF1pCYCSXS8ZMuqZnMsrxqI2E5sPyoTpxoPU/gVZMzr2zjOfg8GIZOMsw==",
      "dev": true
    },
    "node_modules/date-fns": {
      "version": "2.30.0",
      "resolved": "https://registry.npmmirror.com/date-fns/-/date-fns-2.30.0.tgz",
      "integrity": "sha512-fnULvOpxnC5/Vg3NCiWelDsLiUc9bRwAPs/+LfTLNvetFCtCTN+yQz15C/fs4AwX1R9K5GLtLfn8QW+dWisaAw==",
      "dev": true,
      "dependencies": {
        "@babel/runtime": "^7.21.0"
      },
      "engines": {
        "node": ">=0.11"
      }
    },
    "node_modules/date-fns-tz": {
      "version": "2.0.0",
      "resolved": "https://registry.npmmirror.com/date-fns-tz/-/date-fns-tz-2.0.0.tgz",
      "integrity": "sha512-OAtcLdB9vxSXTWHdT8b398ARImVwQMyjfYGkKD2zaGpHseG2UPHbHjXELReErZFxWdSLph3c2zOaaTyHfOhERQ==",
      "dev": true,
      "peerDependencies": {
        "date-fns": ">=2.0.0"
      }
    },
    "node_modules/de-indent": {
      "version": "1.0.2",
      "resolved": "https://registry.npmmirror.com/de-indent/-/de-indent-1.0.2.tgz",
      "integrity": "sha512-e/1zu3xH5MQryN2zdVaF0OrdNLUbvWxzMbi+iNA6Bky7l1RoP8a2fIbRocyHclXt/arDrrR6lL3TqFD9pMQTsg==",
      "dev": true
    },
    "node_modules/echarts": {
      "version": "5.4.3",
      "resolved": "https://registry.npmmirror.com/echarts/-/echarts-5.4.3.tgz",
      "integrity": "sha512-mYKxLxhzy6zyTi/FaEbJMOZU1ULGEQHaeIeuMR5L+JnJTpz+YR03mnnpBhbR4+UYJAgiXgpyTVLffPAjOTLkZA==",
      "dependencies": {
        "tslib": "2.3.0",
        "zrender": "5.4.4"
      }
    },
    "node_modules/entities": {
      "version": "4.5.0",
      "resolved": "https://registry.npmmirror.com/entities/-/entities-4.5.0.tgz",
      "integrity": "sha512-V0hjH4dGPh9Ao5p0MoRY6BVqtwCjhz6vI5LT8AJ55H+4g9/4vbHx1I54fS0XuclLhDHArPQCiMjDxjaL8fPxhw==",
      "engines": {
        "node": ">=0.12"
      }
    },
    "node_modules/esbuild": {
      "version": "0.19.7",
      "resolved": "https://registry.npmmirror.com/esbuild/-/esbuild-0.19.7.tgz",
      "integrity": "sha512-6brbTZVqxhqgbpqBR5MzErImcpA0SQdoKOkcWK/U30HtQxnokIpG3TX2r0IJqbFUzqLjhU/zC1S5ndgakObVCQ==",
      "dev": true,
      "hasInstallScript": true,
      "bin": {
        "esbuild": "bin/esbuild"
      },
      "engines": {
        "node": ">=12"
      },
      "optionalDependencies": {
        "@esbuild/android-arm": "0.19.7",
        "@esbuild/android-arm64": "0.19.7",
        "@esbuild/android-x64": "0.19.7",
        "@esbuild/darwin-arm64": "0.19.7",
        "@esbuild/darwin-x64": "0.19.7",
        "@esbuild/freebsd-arm64": "0.19.7",
        "@esbuild/freebsd-x64": "0.19.7",
        "@esbuild/linux-arm": "0.19.7",
        "@esbuild/linux-arm64": "0.19.7",
        "@esbuild/linux-ia32": "0.19.7",
        "@esbuild/linux-loong64": "0.19.7",
        "@esbuild/linux-mips64el": "0.19.7",
        "@esbuild/linux-ppc64": "0.19.7",
        "@esbuild/linux-riscv64": "0.19.7",
        "@esbuild/linux-s390x": "0.19.7",
        "@esbuild/linux-x64": "0.19.7",
        "@esbuild/netbsd-x64": "0.19.7",
        "@esbuild/openbsd-x64": "0.19.7",
        "@esbuild/sunos-x64": "0.19.7",
        "@esbuild/win32-arm64": "0.19.7",
        "@esbuild/win32-ia32": "0.19.7",
        "@esbuild/win32-x64": "0.19.7"
      }
    },
    "node_modules/estree-walker": {
      "version": "2.0.2",
      "resolved": "https://registry.npmmirror.com/estree-walker/-/estree-walker-2.0.2.tgz",
      "integrity": "sha512-Rfkk/Mp/DL7JVje3u18FxFujQlTNR2q6QfMSMB7AvCBx91NGj/ba3kCfza0f6dVDbw7YlRf/nDrn7pQrCCyQ/w=="
    },
    "node_modules/evtd": {
      "version": "0.2.4",
      "resolved": "https://registry.npmmirror.com/evtd/-/evtd-0.2.4.tgz",
      "integrity": "sha512-qaeGN5bx63s/AXgQo8gj6fBkxge+OoLddLniox5qtLAEY5HSnuSlISXVPxnSae1dWblvTh4/HoMIB+mbMsvZzw==",
      "dev": true
    },
    "node_modules/fflate": {
      "version": "0.6.10",
      "resolved": "https://registry.npmmirror.com/fflate/-/fflate-0.6.10.tgz",
      "integrity": "sha512-IQrh3lEPM93wVCEczc9SaAOvkmcoQn/G8Bo1e8ZPlY3X3bnAxWaBdvTdvM1hP62iZp0BXWDy4vTAy4fF0+Dlpg==",
      "dev": true
    },
    "node_modules/fsevents": {
      "version": "2.3.3",
      "resolved": "https://registry.npmmirror.com/fsevents/-/fsevents-2.3.3.tgz",
      "integrity": "sha512-5xoDfX+fL7faATnagmWPpbFtwh/R77WmMMqqHGS65C3vvB0YHrgF+B1YmZ3441tMj5n63k0212XNoJwzlhffQw==",
      "dev": true,
      "hasInstallScript": true,
      "optional": true,
      "os": [
        "darwin"
      ],
      "engines": {
        "node": "^8.16.0 || ^10.6.0 || >=11.0.0"
      }
    },
    "node_modules/he": {
      "version": "1.2.0",
      "resolved": "https://registry.npmmirror.com/he/-/he-1.2.0.tgz",
      "integrity": "sha512-F/1DnUGPopORZi0ni+CvrCgHQ5FyEAHRLSApuYWMmrbSwoN2Mn/7k+Gl38gJnR7yyDZk6WLXwiGod1JOWNDKGw==",
      "dev": true,
      "bin": {
        "he": "bin/he"
      }
    },
    "node_modules/highlight.js": {
      "version": "11.9.0",
      "resolved": "https://registry.npmmirror.com/highlight.js/-/highlight.js-11.9.0.tgz",
      "integrity": "sha512-fJ7cW7fQGCYAkgv4CPfwFHrfd/cLS4Hau96JuJ+ZTOWhjnhoeN1ub1tFmALm/+lW5z4WCAuAV9bm05AP0mS6Gw==",
      "dev": true,
      "engines": {
        "node": ">=12.0.0"
      }
    },
    "node_modules/lodash": {
      "version": "4.17.21",
      "resolved": "https://registry.npmmirror.com/lodash/-/lodash-4.17.21.tgz",
      "integrity": "sha512-v2kDEe57lecTulaDIuNTPy3Ry4gLGJ6Z1O3vE1krgXZNrsQ+LFTGHVxVjcXPs17LhbZVGedAJv8XZ1tvj5FvSg==",
      "dev": true
    },
    "node_modules/lodash-es": {
      "version": "4.17.21",
      "resolved": "https://registry.npmmirror.com/lodash-es/-/lodash-es-4.17.21.tgz",
      "integrity": "sha512-mKnC+QJ9pWVzv+C4/U3rRsHapFfHvQFoFB92e52xeyGMcX6/OlIl78je1u8vePzYZSkkogMPJ2yjxxsb89cxyw==",
      "dev": true
    },
    "node_modules/lru-cache": {
      "version": "6.0.0",
      "resolved": "https://registry.npmmirror.com/lru-cache/-/lru-cache-6.0.0.tgz",
      "integrity": "sha512-Jo6dJ04CmSjuznwJSS3pUeWmd/H0ffTlkXXgwZi+eq1UCmqQwCh+eLsYOYCwY991i2Fah4h1BEMCx4qThGbsiA==",
      "dev": true,
      "dependencies": {
        "yallist": "^4.0.0"
      },
      "engines": {
        "node": ">=10"
      }
    },
    "node_modules/magic-string": {
      "version": "0.30.5",
      "resolved": "https://registry.npmmirror.com/magic-string/-/magic-string-0.30.5.tgz",
      "integrity": "sha512-7xlpfBaQaP/T6Vh8MO/EqXSW5En6INHEvEXQiuff7Gku0PWjU3uf6w/j9o7O+SpB5fOAkrI5HeoNgwjEO0pFsA==",
      "dependencies": {
        "@jridgewell/sourcemap-codec": "^1.4.15"
      },
      "engines": {
        "node": ">=12"
      }
    },
    "node_modules/meshoptimizer": {
      "version": "0.18.1",
      "resolved": "https://registry.npmmirror.com/meshoptimizer/-/meshoptimizer-0.18.1.tgz",
      "integrity": "sha512-ZhoIoL7TNV4s5B6+rx5mC//fw8/POGyNxS/DZyCJeiZ12ScLfVwRE/GfsxwiTkMYYD5DmK2/JXnEVXqL4rF+Sw==",
      "dev": true
    },
    "node_modules/minimatch": {
      "version": "9.0.3",
      "resolved": "https://registry.npmmirror.com/minimatch/-/minimatch-9.0.3.tgz",
      "integrity": "sha512-RHiac9mvaRw0x3AYRgDC1CxAP7HTcNrrECeA8YYJeWnpo+2Q5CegtZjaotWTWxDG3UeGA1coE05iH1mPjT/2mg==",
      "dev": true,
      "dependencies": {
        "brace-expansion": "^2.0.1"
      },
      "engines": {
        "node": ">=16 || 14 >=14.17"
      }
    },
    "node_modules/muggle-string": {
      "version": "0.3.1",
      "resolved": "https://registry.npmmirror.com/muggle-string/-/muggle-string-0.3.1.tgz",
      "integrity": "sha512-ckmWDJjphvd/FvZawgygcUeQCxzvohjFO5RxTjj4eq8kw359gFF3E1brjfI+viLMxss5JrHTDRHZvu2/tuy0Qg==",
      "dev": true
    },
    "node_modules/naive-ui": {
      "version": "2.37.0",
      "resolved": "https://registry.npmmirror.com/naive-ui/-/naive-ui-2.37.0.tgz",
      "integrity": "sha512-TcuXM1zysnK6i/7o2ZqNjcLp3QMmcdSLWWiXcpEk+xdGpkJzs53/OXNpF4CoDM/npjha7qqtB8Pl17YPN5egFw==",
      "dev": true,
      "dependencies": {
        "@css-render/plugin-bem": "^0.15.12",
        "@css-render/vue3-ssr": "^0.15.12",
        "@types/katex": "^0.16.2",
        "@types/lodash": "^4.14.198",
        "@types/lodash-es": "^4.17.9",
        "async-validator": "^4.2.5",
        "css-render": "^0.15.12",
        "csstype": "^3.1.3",
        "date-fns": "^2.30.0",
        "date-fns-tz": "^2.0.0",
        "evtd": "^0.2.4",
        "highlight.js": "^11.8.0",
        "lodash": "^4.17.21",
        "lodash-es": "^4.17.21",
        "seemly": "^0.3.8",
        "treemate": "^0.3.11",
        "vdirs": "^0.1.8",
        "vooks": "^0.2.12",
        "vueuc": "^0.4.58"
      },
      "peerDependencies": {
        "vue": "^3.0.0"
      }
    },
    "node_modules/naive-ui/node_modules/csstype": {
      "version": "3.1.3",
      "resolved": "https://registry.npmmirror.com/csstype/-/csstype-3.1.3.tgz",
      "integrity": "sha512-M1uQkMl8rQK/szD0LNhtqxIPLpimGm8sOBwU7lLnCpSbTyY3yeU1Vc7l4KT5zT4s/yOxHH5O7tIuuLOCnLADRw==",
      "dev": true
    },
    "node_modules/nanoid": {
      "version": "3.3.7",
      "resolved": "https://registry.npmmirror.com/nanoid/-/nanoid-3.3.7.tgz",
      "integrity": "sha512-eSRppjcPIatRIMC1U6UngP8XFcz8MQWGQdt1MTBQ7NaAmvXDfvNxbvWV3x2y6CdEUciCSsDHDQZbhYaB8QEo2g==",
      "bin": {
        "nanoid": "bin/nanoid.cjs"
      },
      "engines": {
        "node": "^10 || ^12 || ^13.7 || ^14 || >=15.0.1"
      }
    },
    "node_modules/path-browserify": {
      "version": "1.0.1",
      "resolved": "https://registry.npmmirror.com/path-browserify/-/path-browserify-1.0.1.tgz",
      "integrity": "sha512-b7uo2UCUOYZcnF/3ID0lulOJi/bafxa1xPe7ZPsammBSpjSWQkjNxlt635YGS2MiR9GjvuXCtz2emr3jbsz98g==",
      "dev": true
    },
    "node_modules/picocolors": {
      "version": "1.0.0",
      "resolved": "https://registry.npmmirror.com/picocolors/-/picocolors-1.0.0.tgz",
      "integrity": "sha512-1fygroTLlHu66zi26VoTDv8yRgm0Fccecssto+MhsZ0D/DGW2sm8E8AjW7NU5VVTRt5GxbeZ5qBuJr+HyLYkjQ=="
    },
    "node_modules/postcss": {
      "version": "8.4.33",
      "resolved": "https://registry.npmmirror.com/postcss/-/postcss-8.4.33.tgz",
      "integrity": "sha512-Kkpbhhdjw2qQs2O2DGX+8m5OVqEcbB9HRBvuYM9pgrjEFUg30A9LmXNlTAUj4S9kgtGyrMbTzVjH7E+s5Re2yg==",
      "dependencies": {
        "nanoid": "^3.3.7",
        "picocolors": "^1.0.0",
        "source-map-js": "^1.0.2"
      },
      "engines": {
        "node": "^10 || ^12 || >=14"
      }
    },
    "node_modules/regenerator-runtime": {
      "version": "0.14.0",
      "resolved": "https://registry.npmmirror.com/regenerator-runtime/-/regenerator-runtime-0.14.0.tgz",
      "integrity": "sha512-srw17NI0TUWHuGa5CFGGmhfNIeja30WMBfbslPNhf6JrqQlLN5gcrvig1oqPxiVaXb0oW0XRKtH6Nngs5lKCIA==",
      "dev": true
    },
    "node_modules/rollup": {
      "version": "4.6.0",
      "resolved": "https://registry.npmmirror.com/rollup/-/rollup-4.6.0.tgz",
      "integrity": "sha512-R8i5Her4oO1LiMQ3jKf7MUglYV/mhQ5g5OKeld5CnkmPdIGo79FDDQYqPhq/PCVuTQVuxsWgIbDy9F+zdHn80w==",
      "dev": true,
      "bin": {
        "rollup": "dist/bin/rollup"
      },
      "engines": {
        "node": ">=18.0.0",
        "npm": ">=8.0.0"
      },
      "optionalDependencies": {
        "@rollup/rollup-android-arm-eabi": "4.6.0",
        "@rollup/rollup-android-arm64": "4.6.0",
        "@rollup/rollup-darwin-arm64": "4.6.0",
        "@rollup/rollup-darwin-x64": "4.6.0",
        "@rollup/rollup-linux-arm-gnueabihf": "4.6.0",
        "@rollup/rollup-linux-arm64-gnu": "4.6.0",
        "@rollup/rollup-linux-arm64-musl": "4.6.0",
        "@rollup/rollup-linux-x64-gnu": "4.6.0",
        "@rollup/rollup-linux-x64-musl": "4.6.0",
        "@rollup/rollup-win32-arm64-msvc": "4.6.0",
        "@rollup/rollup-win32-ia32-msvc": "4.6.0",
        "@rollup/rollup-win32-x64-msvc": "4.6.0",
        "fsevents": "~2.3.2"
      }
    },
    "node_modules/seemly": {
      "version": "0.3.8",
      "resolved": "https://registry.npmmirror.com/seemly/-/seemly-0.3.8.tgz",
      "integrity": "sha512-MW8Qs6vbzo0pHmDpFSYPna+lwpZ6Zk1ancbajw/7E8TKtHdV+1DfZZD+kKJEhG/cAoB/i+LiT+5msZOqj0DwRA==",
      "dev": true
    },
    "node_modules/semver": {
      "version": "7.5.4",
      "resolved": "https://registry.npmmirror.com/semver/-/semver-7.5.4.tgz",
      "integrity": "sha512-1bCSESV6Pv+i21Hvpxp3Dx+pSD8lIPt8uVjRrxAUt/nbswYc+tK6Y2btiULjd4+fnq15PX+nqQDC7Oft7WkwcA==",
      "dev": true,
      "dependencies": {
        "lru-cache": "^6.0.0"
      },
      "bin": {
        "semver": "bin/semver.js"
      },
      "engines": {
        "node": ">=10"
      }
    },
    "node_modules/source-map-js": {
      "version": "1.0.2",
      "resolved": "https://registry.npmmirror.com/source-map-js/-/source-map-js-1.0.2.tgz",
      "integrity": "sha512-R0XvVJ9WusLiqTCEiGCmICCMplcCkIwwR11mOSD9CR5u+IXYdiseeEuXCVAjS54zqwkLcPNnmU4OeJ6tUrWhDw==",
      "engines": {
        "node": ">=0.10.0"
      }
    },
    "node_modules/three": {
      "version": "0.160.0",
      "resolved": "https://registry.npmmirror.com/three/-/three-0.160.0.tgz",
      "integrity": "sha512-DLU8lc0zNIPkM7rH5/e1Ks1Z8tWCGRq6g8mPowdDJpw1CFBJMU7UoJjC6PefXW7z//SSl0b2+GCw14LB+uDhng=="
    },
    "node_modules/treemate": {
      "version": "0.3.11",
      "resolved": "https://registry.npmmirror.com/treemate/-/treemate-0.3.11.tgz",
      "integrity": "sha512-M8RGFoKtZ8dF+iwJfAJTOH/SM4KluKOKRJpjCMhI8bG3qB74zrFoArKZ62ll0Fr3mqkMJiQOmWYkdYgDeITYQg==",
      "dev": true
    },
    "node_modules/tslib": {
      "version": "2.3.0",
      "resolved": "https://registry.npmmirror.com/tslib/-/tslib-2.3.0.tgz",
      "integrity": "sha512-N82ooyxVNm6h1riLCoyS9e3fuJ3AMG2zIZs2Gd1ATcSFjSA23Q0fzjjZeh0jbJvWVDZ0cJT8yaNNaaXHzueNjg=="
    },
    "node_modules/typescript": {
      "version": "5.3.3",
      "resolved": "https://registry.npmmirror.com/typescript/-/typescript-5.3.3.tgz",
      "integrity": "sha512-pXWcraxM0uxAS+tN0AG/BF2TyqmHO014Z070UsJ+pFvYuRSq8KH8DmWpnbXe0pEPDHXZV3FcAbJkijJ5oNEnWw==",
      "devOptional": true,
      "bin": {
        "tsc": "bin/tsc",
        "tsserver": "bin/tsserver"
      },
      "engines": {
        "node": ">=14.17"
      }
    },
    "node_modules/urdf-loader": {
      "version": "0.12.1",
      "resolved": "https://registry.npmmirror.com/urdf-loader/-/urdf-loader-0.12.1.tgz",
      "integrity": "sha512-Sae8dmekFD4ERZYDtpei8mxmuMxqy+YnjN2PfI1TsDz+9QIXL4PyPrvYbXcJj2h9MfL4aS6oUc2j3ap5jRFWfA==",
      "peerDependencies": {
        "three": ">=0.152.0"
      }
    },
    "node_modules/vdirs": {
      "version": "0.1.8",
      "resolved": "https://registry.npmmirror.com/vdirs/-/vdirs-0.1.8.tgz",
      "integrity": "sha512-H9V1zGRLQZg9b+GdMk8MXDN2Lva0zx72MPahDKc30v+DtwKjfyOSXWRIX4t2mhDubM1H09gPhWeth/BJWPHGUw==",
      "dev": true,
      "dependencies": {
        "evtd": "^0.2.2"
      },
      "peerDependencies": {
        "vue": "^3.0.11"
      }
    },
    "node_modules/vfonts": {
      "version": "0.0.3",
      "resolved": "https://registry.npmmirror.com/vfonts/-/vfonts-0.0.3.tgz",
      "integrity": "sha512-nguyw8L6Un8eelg1vQ31vIU2ESxqid7EYmy8V+MDeMaHBqaRSkg3dTBToC1PR00D89UzS/SLkfYPnx0Wf23IQQ==",
      "dev": true
    },
    "node_modules/vite": {
      "version": "5.0.11",
      "resolved": "https://registry.npmmirror.com/vite/-/vite-5.0.11.tgz",
      "integrity": "sha512-XBMnDjZcNAw/G1gEiskiM1v6yzM4GE5aMGvhWTlHAYYhxb7S3/V1s3m2LDHa8Vh6yIWYYB0iJwsEaS523c4oYA==",
      "dev": true,
      "dependencies": {
        "esbuild": "^0.19.3",
        "postcss": "^8.4.32",
        "rollup": "^4.2.0"
      },
      "bin": {
        "vite": "bin/vite.js"
      },
      "engines": {
        "node": "^18.0.0 || >=20.0.0"
      },
      "optionalDependencies": {
        "fsevents": "~2.3.3"
      },
      "peerDependencies": {
        "@types/node": "^18.0.0 || >=20.0.0",
        "less": "*",
        "lightningcss": "^1.21.0",
        "sass": "*",
        "stylus": "*",
        "sugarss": "*",
        "terser": "^5.4.0"
      },
      "peerDependenciesMeta": {
        "@types/node": {
          "optional": true
        },
        "less": {
          "optional": true
        },
        "lightningcss": {
          "optional": true
        },
        "sass": {
          "optional": true
        },
        "stylus": {
          "optional": true
        },
        "sugarss": {
          "optional": true
        },
        "terser": {
          "optional": true
        }
      }
    },
    "node_modules/vooks": {
      "version": "0.2.12",
      "resolved": "https://registry.npmmirror.com/vooks/-/vooks-0.2.12.tgz",
      "integrity": "sha512-iox0I3RZzxtKlcgYaStQYKEzWWGAduMmq+jS7OrNdQo1FgGfPMubGL3uGHOU9n97NIvfFDBGnpSvkWyb/NSn/Q==",
      "dev": true,
      "dependencies": {
        "evtd": "^0.2.2"
      },
      "peerDependencies": {
        "vue": "^3.0.0"
      }
    },
    "node_modules/vue": {
      "version": "3.4.5",
      "resolved": "https://registry.npmmirror.com/vue/-/vue-3.4.5.tgz",
      "integrity": "sha512-VH6nHFhLPjgu2oh5vEBXoNZxsGHuZNr3qf4PHClwJWw6IDqw6B3x+4J+ABdoZ0aJuT8Zi0zf3GpGlLQCrGWHrw==",
      "dependencies": {
        "@vue/compiler-dom": "3.4.5",
        "@vue/compiler-sfc": "3.4.5",
        "@vue/runtime-dom": "3.4.5",
        "@vue/server-renderer": "3.4.5",
        "@vue/shared": "3.4.5"
      },
      "peerDependencies": {
        "typescript": "*"
      },
      "peerDependenciesMeta": {
        "typescript": {
          "optional": true
        }
      }
    },
    "node_modules/vue-router": {
      "version": "4.2.5",
      "resolved": "https://registry.npmmirror.com/vue-router/-/vue-router-4.2.5.tgz",
      "integrity": "sha512-DIUpKcyg4+PTQKfFPX88UWhlagBEBEfJ5A8XDXRJLUnZOvcpMF8o/dnL90vpVkGaPbjvXazV/rC1qBKrZlFugw==",
      "dependencies": {
        "@vue/devtools-api": "^6.5.0"
      },
      "peerDependencies": {
        "vue": "^3.2.0"
      }
    },
    "node_modules/vue-template-compiler": {
      "version": "2.7.16",
      "resolved": "https://registry.npmmirror.com/vue-template-compiler/-/vue-template-compiler-2.7.16.tgz",
      "integrity": "sha512-AYbUWAJHLGGQM7+cNTELw+KsOG9nl2CnSv467WobS5Cv9uk3wFcnr1Etsz2sEIHEZvw1U+o9mRlEO6QbZvUPGQ==",
      "dev": true,
      "dependencies": {
        "de-indent": "^1.0.2",
        "he": "^1.2.0"
      }
    },
    "node_modules/vue-tsc": {
      "version": "1.8.27",
      "resolved": "https://registry.npmmirror.com/vue-tsc/-/vue-tsc-1.8.27.tgz",
      "integrity": "sha512-WesKCAZCRAbmmhuGl3+VrdWItEvfoFIPXOvUJkjULi+x+6G/Dy69yO3TBRJDr9eUlmsNAwVmxsNZxvHKzbkKdg==",
      "dev": true,
      "dependencies": {
        "@volar/typescript": "~1.11.1",
        "@vue/language-core": "1.8.27",
        "semver": "^7.5.4"
      },
      "bin": {
        "vue-tsc": "bin/vue-tsc.js"
      },
      "peerDependencies": {
        "typescript": "*"
      }
    },
    "node_modules/vueuc": {
      "version": "0.4.58",
      "resolved": "https://registry.npmmirror.com/vueuc/-/vueuc-0.4.58.tgz",
      "integrity": "sha512-Wnj/N8WbPRSxSt+9ji1jtDHPzda5h2OH/0sFBhvdxDRuyCZbjGg3/cKMaKqEoe+dErTexG2R+i6Q8S/Toq1MYg==",
      "dev": true,
      "dependencies": {
        "@css-render/vue3-ssr": "^0.15.10",
        "@juggle/resize-observer": "^3.3.1",
        "css-render": "^0.15.10",
        "evtd": "^0.2.4",
        "seemly": "^0.3.6",
        "vdirs": "^0.1.4",
        "vooks": "^0.2.4"
      },
      "peerDependencies": {
        "vue": "^3.0.11"
      }
    },
    "node_modules/xterm": {
      "version": "5.3.0",
      "resolved": "https://registry.npmmirror.com/xterm/-/xterm-5.3.0.tgz",
      "integrity": "sha512-8QqjlekLUFTrU6x7xck1MsPzPA571K5zNqWm0M0oroYEWVOptZ0+ubQSkQ3uxIEhcIHRujJy6emDWX4A7qyFzg=="
    },
    "node_modules/yallist": {
      "version": "4.0.0",
      "resolved": "https://registry.npmmirror.com/yallist/-/yallist-4.0.0.tgz",
      "integrity": "sha512-3wdGidZyq5PB084XLES5TpOSRA3wjXAlIWMhum2kRcv/41Sn2emQ0dycQW4uZXLejwKvg6EsvbdlVL+FYEct7A==",
      "dev": true
    },
    "node_modules/zrender": {
      "version": "5.4.4",
      "resolved": "https://registry.npmmirror.com/zrender/-/zrender-5.4.4.tgz",
      "integrity": "sha512-0VxCNJ7AGOMCWeHVyTrGzUgrK4asT4ml9PEkeGirAkKNYXYzoPJCLvmyfdoOXcjTHPs10OZVMfD1Rwg16AZyYw==",
      "dependencies": {
        "tslib": "2.3.0"
      }
    }
  }
}
